// !$*UTF8*$!
{
	archiveVersion = 1;
	classes = {
	};
	objectVersion = 48;
	objects = {

/* Begin PBXBuildFile section */
		617F1429ECA7C2AD725BF323 /* Pods_DanBerenholtz.framework in Frameworks */ = {isa = PBXBuildFile; fileRef = B3BB9664EF2600E73A0D6978 /* Pods_DanBerenholtz.framework */; };
		7884E14C2031D7F000D01D1F /* CancelButton-Upwork.png in Resources */ = {isa = PBXBuildFile; fileRef = 7884E14B2031D7F000D01D1F /* CancelButton-Upwork.png */; };
		78B69D712031B11600C5B843 /* DBPhoto.m in Sources */ = {isa = PBXBuildFile; fileRef = 78B69D702031B11600C5B843 /* DBPhoto.m */; };
		78B69D762031BAA900C5B843 /* ImageIO.framework in Frameworks */ = {isa = PBXBuildFile; fileRef = 78B69D752031BAA900C5B843 /* ImageIO.framework */; };
		78B69D7C2031C84C00C5B843 /* DBUser.m in Sources */ = {isa = PBXBuildFile; fileRef = 78B69D7B2031C84C00C5B843 /* DBUser.m */; };
		BC174F19202FA64E00DA315F /* AppDelegate.m in Sources */ = {isa = PBXBuildFile; fileRef = BC174F18202FA64E00DA315F /* AppDelegate.m */; };
		BC174F1F202FA64E00DA315F /* Main.storyboard in Resources */ = {isa = PBXBuildFile; fileRef = BC174F1D202FA64E00DA315F /* Main.storyboard */; };
		BC174F21202FA64E00DA315F /* Assets.xcassets in Resources */ = {isa = PBXBuildFile; fileRef = BC174F20202FA64E00DA315F /* Assets.xcassets */; };
		BC174F24202FA64E00DA315F /* LaunchScreen.storyboard in Resources */ = {isa = PBXBuildFile; fileRef = BC174F22202FA64E00DA315F /* LaunchScreen.storyboard */; };
		BC174F27202FA64E00DA315F /* main.m in Sources */ = {isa = PBXBuildFile; fileRef = BC174F26202FA64E00DA315F /* main.m */; };
		BC174F2F202FA72700DA315F /* CollectionViewCell.m in Sources */ = {isa = PBXBuildFile; fileRef = BC174F2E202FA72700DA315F /* CollectionViewCell.m */; };
		BC68F7322030F93C005A6825 /* CustomCollectionViewLayout.swift in Sources */ = {isa = PBXBuildFile; fileRef = BC68F7312030F93C005A6825 /* CustomCollectionViewLayout.swift */; };
		BC68F73720311CD7005A6825 /* DragAndDropViewController.m in Sources */ = {isa = PBXBuildFile; fileRef = BC68F73620311CD7005A6825 /* DragAndDropViewController.m */; };
/* End PBXBuildFile section */

/* Begin PBXFileReference section */
		7884E14B2031D7F000D01D1F /* CancelButton-Upwork.png */ = {isa = PBXFileReference; lastKnownFileType = image.png; path = "CancelButton-Upwork.png"; sourceTree = "<group>"; };
		78B69D702031B11600C5B843 /* DBPhoto.m */ = {isa = PBXFileReference; lastKnownFileType = sourcecode.c.objc; path = DBPhoto.m; sourceTree = "<group>"; };
		78B69D732031B17C00C5B843 /* DBPhoto.h */ = {isa = PBXFileReference; lastKnownFileType = sourcecode.c.h; path = DBPhoto.h; sourceTree = "<group>"; };
		78B69D752031BAA900C5B843 /* ImageIO.framework */ = {isa = PBXFileReference; lastKnownFileType = wrapper.framework; name = ImageIO.framework; path = System/Library/Frameworks/ImageIO.framework; sourceTree = SDKROOT; };
		78B69D7A2031C83D00C5B843 /* DBUser.h */ = {isa = PBXFileReference; lastKnownFileType = sourcecode.c.h; path = DBUser.h; sourceTree = "<group>"; };
		78B69D7B2031C84C00C5B843 /* DBUser.m */ = {isa = PBXFileReference; lastKnownFileType = sourcecode.c.objc; path = DBUser.m; sourceTree = "<group>"; };
		B3BB9664EF2600E73A0D6978 /* Pods_DanBerenholtz.framework */ = {isa = PBXFileReference; explicitFileType = wrapper.framework; includeInIndex = 0; path = Pods_DanBerenholtz.framework; sourceTree = BUILT_PRODUCTS_DIR; };
		BC174F14202FA64E00DA315F /* DanBerenholtz.app */ = {isa = PBXFileReference; explicitFileType = wrapper.application; includeInIndex = 0; path = DanBerenholtz.app; sourceTree = BUILT_PRODUCTS_DIR; };
		BC174F17202FA64E00DA315F /* AppDelegate.h */ = {isa = PBXFileReference; lastKnownFileType = sourcecode.c.h; path = AppDelegate.h; sourceTree = "<group>"; };
		BC174F18202FA64E00DA315F /* AppDelegate.m */ = {isa = PBXFileReference; lastKnownFileType = sourcecode.c.objc; path = AppDelegate.m; sourceTree = "<group>"; };
		BC174F1E202FA64E00DA315F /* Base */ = {isa = PBXFileReference; lastKnownFileType = file.storyboard; name = Base; path = Base.lproj/Main.storyboard; sourceTree = "<group>"; };
		BC174F20202FA64E00DA315F /* Assets.xcassets */ = {isa = PBXFileReference; lastKnownFileType = folder.assetcatalog; path = Assets.xcassets; sourceTree = "<group>"; };
		BC174F23202FA64E00DA315F /* Base */ = {isa = PBXFileReference; lastKnownFileType = file.storyboard; name = Base; path = Base.lproj/LaunchScreen.storyboard; sourceTree = "<group>"; };
		BC174F25202FA64E00DA315F /* Info.plist */ = {isa = PBXFileReference; lastKnownFileType = text.plist.xml; path = Info.plist; sourceTree = "<group>"; };
		BC174F26202FA64E00DA315F /* main.m */ = {isa = PBXFileReference; lastKnownFileType = sourcecode.c.objc; path = main.m; sourceTree = "<group>"; };
		BC174F2D202FA72700DA315F /* CollectionViewCell.h */ = {isa = PBXFileReference; lastKnownFileType = sourcecode.c.h; path = CollectionViewCell.h; sourceTree = "<group>"; };
		BC174F2E202FA72700DA315F /* CollectionViewCell.m */ = {isa = PBXFileReference; lastKnownFileType = sourcecode.c.objc; path = CollectionViewCell.m; sourceTree = "<group>"; };
		BC68F7302030F93C005A6825 /* DanBerenholtz-Bridging-Header.h */ = {isa = PBXFileReference; lastKnownFileType = sourcecode.c.h; path = "DanBerenholtz-Bridging-Header.h"; sourceTree = "<group>"; };
		BC68F7312030F93C005A6825 /* CustomCollectionViewLayout.swift */ = {isa = PBXFileReference; lastKnownFileType = sourcecode.swift; path = CustomCollectionViewLayout.swift; sourceTree = "<group>"; };
		BC68F73520311CD7005A6825 /* DragAndDropViewController.h */ = {isa = PBXFileReference; lastKnownFileType = sourcecode.c.h; path = DragAndDropViewController.h; sourceTree = "<group>"; };
		BC68F73620311CD7005A6825 /* DragAndDropViewController.m */ = {isa = PBXFileReference; lastKnownFileType = sourcecode.c.objc; path = DragAndDropViewController.m; sourceTree = "<group>"; };
		F5DB0AC60C01C73FA0754C1B /* Pods-DanBerenholtz.debug.xcconfig */ = {isa = PBXFileReference; includeInIndex = 1; lastKnownFileType = text.xcconfig; name = "Pods-DanBerenholtz.debug.xcconfig"; path = "Pods/Target Support Files/Pods-DanBerenholtz/Pods-DanBerenholtz.debug.xcconfig"; sourceTree = "<group>"; };
		F8D0BAAAEEA64D7728E3EDE5 /* Pods-DanBerenholtz.release.xcconfig */ = {isa = PBXFileReference; includeInIndex = 1; lastKnownFileType = text.xcconfig; name = "Pods-DanBerenholtz.release.xcconfig"; path = "Pods/Target Support Files/Pods-DanBerenholtz/Pods-DanBerenholtz.release.xcconfig"; sourceTree = "<group>"; };
/* End PBXFileReference section */

/* Begin PBXFrameworksBuildPhase section */
		BC174F11202FA64E00DA315F /* Frameworks */ = {
			isa = PBXFrameworksBuildPhase;
			buildActionMask = 2147483647;
			files = (
				78B69D762031BAA900C5B843 /* ImageIO.framework in Frameworks */,
				617F1429ECA7C2AD725BF323 /* Pods_DanBerenholtz.framework in Frameworks */,
			);
			runOnlyForDeploymentPostprocessing = 0;
		};
/* End PBXFrameworksBuildPhase section */

/* Begin PBXGroup section */
		12429359F464B4A74FA44682 /* Pods */ = {
			isa = PBXGroup;
			children = (
				F5DB0AC60C01C73FA0754C1B /* Pods-DanBerenholtz.debug.xcconfig */,
				F8D0BAAAEEA64D7728E3EDE5 /* Pods-DanBerenholtz.release.xcconfig */,
			);
			name = Pods;
			sourceTree = "<group>";
		};
		78B69D742031BAA900C5B843 /* Frameworks */ = {
			isa = PBXGroup;
			children = (
				78B69D752031BAA900C5B843 /* ImageIO.framework */,
				B3BB9664EF2600E73A0D6978 /* Pods_DanBerenholtz.framework */,
			);
			name = Frameworks;
			sourceTree = "<group>";
		};
		BC174F0B202FA64E00DA315F = {
			isa = PBXGroup;
			children = (
				BC174F16202FA64E00DA315F /* DanBerenholtz */,
				BC174F15202FA64E00DA315F /* Products */,
				BC68F7302030F93C005A6825 /* DanBerenholtz-Bridging-Header.h */,
				78B69D742031BAA900C5B843 /* Frameworks */,
				12429359F464B4A74FA44682 /* Pods */,
			);
			sourceTree = "<group>";
		};
		BC174F15202FA64E00DA315F /* Products */ = {
			isa = PBXGroup;
			children = (
				BC174F14202FA64E00DA315F /* DanBerenholtz.app */,
			);
			name = Products;
			sourceTree = "<group>";
		};
		BC174F16202FA64E00DA315F /* DanBerenholtz */ = {
			isa = PBXGroup;
			children = (
				BC68F73520311CD7005A6825 /* DragAndDropViewController.h */,
				BC68F73620311CD7005A6825 /* DragAndDropViewController.m */,
				BC68F7312030F93C005A6825 /* CustomCollectionViewLayout.swift */,
				BC174F17202FA64E00DA315F /* AppDelegate.h */,
				BC174F18202FA64E00DA315F /* AppDelegate.m */,
				BC174F1D202FA64E00DA315F /* Main.storyboard */,
				BC174F2D202FA72700DA315F /* CollectionViewCell.h */,
				BC174F2E202FA72700DA315F /* CollectionViewCell.m */,
				BC174F20202FA64E00DA315F /* Assets.xcassets */,
				BC174F22202FA64E00DA315F /* LaunchScreen.storyboard */,
				BC174F25202FA64E00DA315F /* Info.plist */,
				BC174F26202FA64E00DA315F /* main.m */,
				78B69D702031B11600C5B843 /* DBPhoto.m */,
				78B69D732031B17C00C5B843 /* DBPhoto.h */,
				78B69D7A2031C83D00C5B843 /* DBUser.h */,
				78B69D7B2031C84C00C5B843 /* DBUser.m */,
				7884E14B2031D7F000D01D1F /* CancelButton-Upwork.png */,
			);
			path = DanBerenholtz;
			sourceTree = "<group>";
		};
/* End PBXGroup section */

/* Begin PBXNativeTarget section */
		BC174F13202FA64E00DA315F /* DanBerenholtz */ = {
			isa = PBXNativeTarget;
			buildConfigurationList = BC174F2A202FA64E00DA315F /* Build configuration list for PBXNativeTarget "DanBerenholtz" */;
			buildPhases = (
				CFFDD1AA336B5B914F16FB6C /* [CP] Check Pods Manifest.lock */,
				BC174F10202FA64E00DA315F /* Sources */,
				BC174F11202FA64E00DA315F /* Frameworks */,
				BC174F12202FA64E00DA315F /* Resources */,
				C505C70F94BE56CFCA749D8A /* [CP] Embed Pods Frameworks */,
				A328F0B6D0CF0D0990B76A93 /* [CP] Copy Pods Resources */,
			);
			buildRules = (
			);
			dependencies = (
			);
			name = DanBerenholtz;
			productName = DanBerenholtz;
			productReference = BC174F14202FA64E00DA315F /* DanBerenholtz.app */;
			productType = "com.apple.product-type.application";
		};
/* End PBXNativeTarget section */

/* Begin PBXProject section */
		BC174F0C202FA64E00DA315F /* Project object */ = {
			isa = PBXProject;
			attributes = {
				LastUpgradeCheck = 0920;
				ORGANIZATIONNAME = "Josh Edson";
				TargetAttributes = {
					BC174F13202FA64E00DA315F = {
						CreatedOnToolsVersion = 9.2;
						LastSwiftMigration = 0920;
						ProvisioningStyle = Automatic;
					};
				};
			};
			buildConfigurationList = BC174F0F202FA64E00DA315F /* Build configuration list for PBXProject "DanBerenholtz" */;
			compatibilityVersion = "Xcode 8.0";
			developmentRegion = en;
			hasScannedForEncodings = 0;
			knownRegions = (
				en,
				Base,
			);
			mainGroup = BC174F0B202FA64E00DA315F;
			productRefGroup = BC174F15202FA64E00DA315F /* Products */;
			projectDirPath = "";
			projectRoot = "";
			targets = (
				BC174F13202FA64E00DA315F /* DanBerenholtz */,
			);
		};
/* End PBXProject section */

/* Begin PBXResourcesBuildPhase section */
		BC174F12202FA64E00DA315F /* Resources */ = {
			isa = PBXResourcesBuildPhase;
			buildActionMask = 2147483647;
			files = (
				BC174F24202FA64E00DA315F /* LaunchScreen.storyboard in Resources */,
				7884E14C2031D7F000D01D1F /* CancelButton-Upwork.png in Resources */,
				BC174F21202FA64E00DA315F /* Assets.xcassets in Resources */,
				BC174F1F202FA64E00DA315F /* Main.storyboard in Resources */,
			);
			runOnlyForDeploymentPostprocessing = 0;
		};
/* End PBXResourcesBuildPhase section */

/* Begin PBXShellScriptBuildPhase section */
		A328F0B6D0CF0D0990B76A93 /* [CP] Copy Pods Resources */ = {
			isa = PBXShellScriptBuildPhase;
			buildActionMask = 2147483647;
			files = (
			);
			inputPaths = (
			);
			name = "[CP] Copy Pods Resources";
			outputPaths = (
			);
			runOnlyForDeploymentPostprocessing = 0;
			shellPath = /bin/sh;
			shellScript = "\"${SRCROOT}/Pods/Target Support Files/Pods-DanBerenholtz/Pods-DanBerenholtz-resources.sh\"\n";
			showEnvVarsInLog = 0;
		};
		C505C70F94BE56CFCA749D8A /* [CP] Embed Pods Frameworks */ = {
			isa = PBXShellScriptBuildPhase;
			buildActionMask = 2147483647;
			files = (
			);
			inputPaths = (
				"${SRCROOT}/Pods/Target Support Files/Pods-DanBerenholtz/Pods-DanBerenholtz-frameworks.sh",
				"${BUILT_PRODUCTS_DIR}/SDWebImage/SDWebImage.framework",
			);
			name = "[CP] Embed Pods Frameworks";
			outputPaths = (
				"${TARGET_BUILD_DIR}/${FRAMEWORKS_FOLDER_PATH}/SDWebImage.framework",
			);
			runOnlyForDeploymentPostprocessing = 0;
			shellPath = /bin/sh;
			shellScript = "\"${SRCROOT}/Pods/Target Support Files/Pods-DanBerenholtz/Pods-DanBerenholtz-frameworks.sh\"\n";
			showEnvVarsInLog = 0;
		};
		CFFDD1AA336B5B914F16FB6C /* [CP] Check Pods Manifest.lock */ = {
			isa = PBXShellScriptBuildPhase;
			buildActionMask = 2147483647;
			files = (
			);
			inputPaths = (
				"${PODS_PODFILE_DIR_PATH}/Podfile.lock",
				"${PODS_ROOT}/Manifest.lock",
			);
			name = "[CP] Check Pods Manifest.lock";
			outputPaths = (
				"$(DERIVED_FILE_DIR)/Pods-DanBerenholtz-checkManifestLockResult.txt",
			);
			runOnlyForDeploymentPostprocessing = 0;
			shellPath = /bin/sh;
			shellScript = "diff \"${PODS_PODFILE_DIR_PATH}/Podfile.lock\" \"${PODS_ROOT}/Manifest.lock\" > /dev/null\nif [ $? != 0 ] ; then\n    # print error to STDERR\n    echo \"error: The sandbox is not in sync with the Podfile.lock. Run 'pod install' or update your CocoaPods installation.\" >&2\n    exit 1\nfi\n# This output is used by Xcode 'outputs' to avoid re-running this script phase.\necho \"SUCCESS\" > \"${SCRIPT_OUTPUT_FILE_0}\"\n";
			showEnvVarsInLog = 0;
		};
/* End PBXShellScriptBuildPhase section */

/* Begin PBXSourcesBuildPhase section */
		BC174F10202FA64E00DA315F /* Sources */ = {
			isa = PBXSourcesBuildPhase;
			buildActionMask = 2147483647;
			files = (
				78B69D712031B11600C5B843 /* DBPhoto.m in Sources */,
				BC68F73720311CD7005A6825 /* DragAndDropViewController.m in Sources */,
				BC174F27202FA64E00DA315F /* main.m in Sources */,
				BC174F2F202FA72700DA315F /* CollectionViewCell.m in Sources */,
				BC68F7322030F93C005A6825 /* CustomCollectionViewLayout.swift in Sources */,
				BC174F19202FA64E00DA315F /* AppDelegate.m in Sources */,
				78B69D7C2031C84C00C5B843 /* DBUser.m in Sources */,
			);
			runOnlyForDeploymentPostprocessing = 0;
		};
/* End PBXSourcesBuildPhase section */

/* Begin PBXVariantGroup section */
		BC174F1D202FA64E00DA315F /* Main.storyboard */ = {
			isa = PBXVariantGroup;
			children = (
				BC174F1E202FA64E00DA315F /* Base */,
			);
			name = Main.storyboard;
			sourceTree = "<group>";
		};
		BC174F22202FA64E00DA315F /* LaunchScreen.storyboard */ = {
			isa = PBXVariantGroup;
			children = (
				BC174F23202FA64E00DA315F /* Base */,
			);
			name = LaunchScreen.storyboard;
			sourceTree = "<group>";
		};
/* End PBXVariantGroup section */

/* Begin XCBuildConfiguration section */
		BC174F28202FA64E00DA315F /* Debug */ = {
			isa = XCBuildConfiguration;
			buildSettings = {
				ALWAYS_SEARCH_USER_PATHS = NO;
				CLANG_ANALYZER_NONNULL = YES;
				CLANG_ANALYZER_NUMBER_OBJECT_CONVERSION = YES_AGGRESSIVE;
				CLANG_CXX_LANGUAGE_STANDARD = "gnu++14";
				CLANG_CXX_LIBRARY = "libc++";
				CLANG_ENABLE_MODULES = YES;
				CLANG_ENABLE_OBJC_ARC = YES;
				CLANG_WARN_BLOCK_CAPTURE_AUTORELEASING = YES;
				CLANG_WARN_BOOL_CONVERSION = YES;
				CLANG_WARN_COMMA = YES;
				CLANG_WARN_CONSTANT_CONVERSION = YES;
				CLANG_WARN_DIRECT_OBJC_ISA_USAGE = YES_ERROR;
				CLANG_WARN_DOCUMENTATION_COMMENTS = YES;
				CLANG_WARN_EMPTY_BODY = YES;
				CLANG_WARN_ENUM_CONVERSION = YES;
				CLANG_WARN_INFINITE_RECURSION = YES;
				CLANG_WARN_INT_CONVERSION = YES;
				CLANG_WARN_NON_LITERAL_NULL_CONVERSION = YES;
				CLANG_WARN_OBJC_LITERAL_CONVERSION = YES;
				CLANG_WARN_OBJC_ROOT_CLASS = YES_ERROR;
				CLANG_WARN_RANGE_LOOP_ANALYSIS = YES;
				CLANG_WARN_STRICT_PROTOTYPES = YES;
				CLANG_WARN_SUSPICIOUS_MOVE = YES;
				CLANG_WARN_UNGUARDED_AVAILABILITY = YES_AGGRESSIVE;
				CLANG_WARN_UNREACHABLE_CODE = YES;
				CLANG_WARN__DUPLICATE_METHOD_MATCH = YES;
				CODE_SIGN_IDENTITY = "iPhone Developer";
				COPY_PHASE_STRIP = NO;
				DEBUG_INFORMATION_FORMAT = dwarf;
				ENABLE_STRICT_OBJC_MSGSEND = YES;
				ENABLE_TESTABILITY = YES;
				GCC_C_LANGUAGE_STANDARD = gnu11;
				GCC_DYNAMIC_NO_PIC = NO;
				GCC_NO_COMMON_BLOCKS = YES;
				GCC_OPTIMIZATION_LEVEL = 0;
				GCC_PREPROCESSOR_DEFINITIONS = (
					"DEBUG=1",
					"$(inherited)",
				);
				GCC_WARN_64_TO_32_BIT_CONVERSION = YES;
				GCC_WARN_ABOUT_RETURN_TYPE = YES_ERROR;
				GCC_WARN_UNDECLARED_SELECTOR = YES;
				GCC_WARN_UNINITIALIZED_AUTOS = YES_AGGRESSIVE;
				GCC_WARN_UNUSED_FUNCTION = YES;
				GCC_WARN_UNUSED_VARIABLE = YES;
				IPHONEOS_DEPLOYMENT_TARGET = 11.2;
				MTL_ENABLE_DEBUG_INFO = YES;
				ONLY_ACTIVE_ARCH = YES;
				OTHER_LDFLAGS = "-ObjC";
				SDKROOT = iphoneos;
			};
			name = Debug;
		};
		BC174F29202FA64E00DA315F /* Release */ = {
			isa = XCBuildConfiguration;
			buildSettings = {
				ALWAYS_SEARCH_USER_PATHS = NO;
				CLANG_ANALYZER_NONNULL = YES;
				CLANG_ANALYZER_NUMBER_OBJECT_CONVERSION = YES_AGGRESSIVE;
				CLANG_CXX_LANGUAGE_STANDARD = "gnu++14";
				CLANG_CXX_LIBRARY = "libc++";
				CLANG_ENABLE_MODULES = YES;
				CLANG_ENABLE_OBJC_ARC = YES;
				CLANG_WARN_BLOCK_CAPTURE_AUTORELEASING = YES;
				CLANG_WARN_BOOL_CONVERSION = YES;
				CLANG_WARN_COMMA = YES;
				CLANG_WARN_CONSTANT_CONVERSION = YES;
				CLANG_WARN_DIRECT_OBJC_ISA_USAGE = YES_ERROR;
				CLANG_WARN_DOCUMENTATION_COMMENTS = YES;
				CLANG_WARN_EMPTY_BODY = YES;
				CLANG_WARN_ENUM_CONVERSION = YES;
				CLANG_WARN_INFINITE_RECURSION = YES;
				CLANG_WARN_INT_CONVERSION = YES;
				CLANG_WARN_NON_LITERAL_NULL_CONVERSION = YES;
				CLANG_WARN_OBJC_LITERAL_CONVERSION = YES;
				CLANG_WARN_OBJC_ROOT_CLASS = YES_ERROR;
				CLANG_WARN_RANGE_LOOP_ANALYSIS = YES;
				CLANG_WARN_STRICT_PROTOTYPES = YES;
				CLANG_WARN_SUSPICIOUS_MOVE = YES;
				CLANG_WARN_UNGUARDED_AVAILABILITY = YES_AGGRESSIVE;
				CLANG_WARN_UNREACHABLE_CODE = YES;
				CLANG_WARN__DUPLICATE_METHOD_MATCH = YES;
				CODE_SIGN_IDENTITY = "iPhone Developer";
				COPY_PHASE_STRIP = NO;
				DEBUG_INFORMATION_FORMAT = "dwarf-with-dsym";
				ENABLE_NS_ASSERTIONS = NO;
				ENABLE_STRICT_OBJC_MSGSEND = YES;
				GCC_C_LANGUAGE_STANDARD = gnu11;
				GCC_NO_COMMON_BLOCKS = YES;
				GCC_WARN_64_TO_32_BIT_CONVERSION = YES;
				GCC_WARN_ABOUT_RETURN_TYPE = YES_ERROR;
				GCC_WARN_UNDECLARED_SELECTOR = YES;
				GCC_WARN_UNINITIALIZED_AUTOS = YES_AGGRESSIVE;
				GCC_WARN_UNUSED_FUNCTION = YES;
				GCC_WARN_UNUSED_VARIABLE = YES;
				IPHONEOS_DEPLOYMENT_TARGET = 11.2;
				MTL_ENABLE_DEBUG_INFO = NO;
				OTHER_LDFLAGS = "-ObjC";
				SDKROOT = iphoneos;
				VALIDATE_PRODUCT = YES;
			};
			name = Release;
		};
		BC174F2B202FA64E00DA315F /* Debug */ = {
			isa = XCBuildConfiguration;
			baseConfigurationReference = F5DB0AC60C01C73FA0754C1B /* Pods-DanBerenholtz.debug.xcconfig */;
			buildSettings = {
				ASSETCATALOG_COMPILER_APPICON_NAME = AppIcon;
				CLANG_ENABLE_MODULES = YES;
				CODE_SIGN_STYLE = Automatic;
				DEVELOPMENT_TEAM = 4R48R23C3S;
				INFOPLIST_FILE = DanBerenholtz/Info.plist;
				IPHONEOS_DEPLOYMENT_TARGET = 10.3;
				LD_RUNPATH_SEARCH_PATHS = "$(inherited) @executable_path/Frameworks";
				PRODUCT_BUNDLE_IDENTIFIER = com.alphamonkey.DanBerenholtz;
				PRODUCT_NAME = "$(TARGET_NAME)";
				SWIFT_OBJC_BRIDGING_HEADER = "DanBerenholtz-Bridging-Header.h";
				SWIFT_OPTIMIZATION_LEVEL = "-Onone";
				SWIFT_VERSION = 3.0;
				TARGETED_DEVICE_FAMILY = "1,2";
			};
			name = Debug;
		};
		BC174F2C202FA64E00DA315F /* Release */ = {
			isa = XCBuildConfiguration;
			baseConfigurationReference = F8D0BAAAEEA64D7728E3EDE5 /* Pods-DanBerenholtz.release.xcconfig */;
			buildSettings = {
				ASSETCATALOG_COMPILER_APPICON_NAME = AppIcon;
				CLANG_ENABLE_MODULES = YES;
				CODE_SIGN_STYLE = Automatic;
				DEVELOPMENT_TEAM = 4R48R23C3S;
				INFOPLIST_FILE = DanBerenholtz/Info.plist;
				IPHONEOS_DEPLOYMENT_TARGET = 10.3;
				LD_RUNPATH_SEARCH_PATHS = "$(inherited) @executable_path/Frameworks";
				PRODUCT_BUNDLE_IDENTIFIER = com.alphamonkey.DanBerenholtz;
				PRODUCT_NAME = "$(TARGET_NAME)";
				SWIFT_OBJC_BRIDGING_HEADER = "DanBerenholtz-Bridging-Header.h";
				SWIFT_VERSION = 3.0;
				TARGETED_DEVICE_FAMILY = "1,2";
			};
			name = Release;
		};
/* End XCBuildConfiguration section */

/* Begin XCConfigurationList section */
		BC174F0F202FA64E00DA315F /* Build configuration list for PBXProject "DanBerenholtz" */ = {
			isa = XCConfigurationList;
			buildConfigurations = (
				BC174F28202FA64E00DA315F /* Debug */,
				BC174F29202FA64E00DA315F /* Release */,
			);
			defaultConfigurationIsVisible = 0;
			defaultConfigurationName = Release;
		};
		BC174F2A202FA64E00DA315F /* Build configuration list for PBXNativeTarget "DanBerenholtz" */ = {
			isa = XCConfigurationList;
			buildConfigurations = (
				BC174F2B202FA64E00DA315F /* Debug */,
				BC174F2C202FA64E00DA315F /* Release */,
			);
			defaultConfigurationIsVisible = 0;
			defaultConfigurationName = Release;
		};
/* End XCConfigurationList section */
	};
	rootObject = BC174F0C202FA64E00DA315F /* Project object */;
}
